%{
  "cldr_utils": {:hex, :cldr_utils, "2.22.0", "5df60df2603dfeeffe26e40ab1ee565df34da288a53bb2db0d0dbd243fd646ef", [:mix], [{:castore, "~> 0.1 or ~> 1.0", [hex: :castore, repo: "hexpm", optional: true]}, {:certifi, "~> 2.5", [hex: :certifi, repo: "hexpm", optional: true]}, {:decimal, "~> 1.9 or ~> 2.0", [hex: :decimal, repo: "hexpm", optional: false]}], "hexpm", "ea14e8a6aa89ffd59a5d49baebe7ebf852cc024ac50dc2b3dabcd3786eeed657"},
  "decimal": {:hex, :decimal, "2.0.0", "a78296e617b0f5dd4c6caf57c714431347912ffb1d0842e998e9792b5642d697", [:mix], [], "hexpm", "34666e9c55dea81013e77d9d87370fe6cb6291d1ef32f46a1600230b1d44f577"},
  "digital_token": {:hex, :digital_token, "0.4.0", "2ad6894d4a40be8b2890aad286ecd5745fa473fa5699d80361a8c94428edcd1f", [:mix], [{:cldr_utils, "~> 2.17", [hex: :cldr_utils, repo: "hexpm", optional: false]}, {:jason, "~> 1.0", [hex: :jason, repo: "hexpm", optional: false]}], "hexpm", "a178edf61d1fee5bb3c34e14b0f4ee21809ee87cade8738f87337e59e5e66e26"},
  "earmark": {:hex, :earmark, "1.4.15", "2c7f924bf495ec1f65bd144b355d0949a05a254d0ec561740308a54946a67888", [:mix], [{:earmark_parser, ">= 1.4.13", [hex: :earmark_parser, repo: "hexpm", optional: false]}], "hexpm", "3b1209b85bc9f3586f370f7c363f6533788fb4e51db23aa79565875e7f9999ee"},
  "earmark_parser": {:hex, :earmark_parser, "1.4.31", "a93921cdc6b9b869f519213d5bc79d9e218ba768d7270d46fdcf1c01bacff9e2", [:mix], [], "hexpm", "317d367ee0335ef037a87e46c91a2269fef6306413f731e8ec11fc45a7efd059"},
  "ex_cldr": {:hex, :ex_cldr, "2.36.0", "ccd7c61c4126aa42d3cd9d93097642930f1b8a10c9c8351fc58bb2c627bad839", [:mix], [{:cldr_utils, "~> 2.21", [hex: :cldr_utils, repo: "hexpm", optional: false]}, {:decimal, "~> 1.6 or ~> 2.0", [hex: :decimal, repo: "hexpm", optional: false]}, {:gettext, "~> 0.19", [hex: :gettext, repo: "hexpm", optional: true]}, {:jason, "~> 1.0", [hex: :jason, repo: "hexpm", optional: true]}, {:nimble_parsec, "~> 0.5 or ~> 1.0", [hex: :nimble_parsec, repo: "hexpm", optional: true]}], "hexpm", "5a56c66cd61ebde42277baa828cd1587959b781ac7e2aee135328a78a4de3fe9"},
  "ex_cldr_calendars": {:hex, :ex_cldr_calendars, "1.21.0", "5f3c71a145926cfa7f8691aa3566921957543f635ec345e52282c613e8985ba8", [:mix], [{:calendar_interval, "~> 0.2", [hex: :calendar_interval, repo: "hexpm", optional: true]}, {:ex_cldr_lists, "~> 2.10", [hex: :ex_cldr_lists, repo: "hexpm", optional: true]}, {:ex_cldr_numbers, "~> 2.25", [hex: :ex_cldr_numbers, repo: "hexpm", optional: false]}, {:ex_cldr_units, "~> 3.12", [hex: :ex_cldr_units, repo: "hexpm", optional: true]}, {:ex_doc, "~> 0.21", [hex: :ex_doc, repo: "hexpm", optional: true]}, {:jason, "~> 1.0", [hex: :jason, repo: "hexpm", optional: false]}], "hexpm", "8ce8737b70f9c36828324995f96464a1a4c87cf2f76e5868e20662ca31c4098f"},
  "ex_cldr_currencies": {:hex, :ex_cldr_currencies, "2.15.0", "aadd34e91cfac7ef6b03fe8f47f8c6fa8c5daf3f89b5d9fee64ec545ded839cf", [:mix], [{:ex_cldr, "~> 2.34", [hex: :ex_cldr, repo: "hexpm", optional: false]}, {:jason, "~> 1.0", [hex: :jason, repo: "hexpm", optional: true]}], "hexpm", "0521316396c66877a2d636219767560bb2397c583341fcb154ecf9f3000e6ff8"},
  "ex_cldr_numbers": {:hex, :ex_cldr_numbers, "2.30.1", "9acd7adb30079057ba606d73ffdaccb86020b07b734f98a229b5674032181668", [:mix], [{:decimal, "~> 1.6 or ~> 2.0", [hex: :decimal, repo: "hexpm", optional: false]}, {:digital_token, "~> 0.3 or ~> 1.0", [hex: :digital_token, repo: "hexpm", optional: false]}, {:ex_cldr, "~> 2.35", [hex: :ex_cldr, repo: "hexpm", optional: false]}, {:ex_cldr_currencies, ">= 2.14.2", [hex: :ex_cldr_currencies, repo: "hexpm", optional: false]}, {:jason, "~> 1.0", [hex: :jason, repo: "hexpm", optional: true]}], "hexpm", "8a81b63d595a589e72c8b629653755c8b88edd6405a657eba236477f7a85939a"},
  "ex_doc": {:hex, :ex_doc, "0.29.4", "6257ecbb20c7396b1fe5accd55b7b0d23f44b6aa18017b415cb4c2b91d997729", [:mix], [{:earmark_parser, "~> 1.4.31", [hex: :earmark_parser, repo: "hexpm", optional: false]}, {:makeup_elixir, "~> 0.14", [hex: :makeup_elixir, repo: "hexpm", optional: false]}, {:makeup_erlang, "~> 0.1", [hex: :makeup_erlang, repo: "hexpm", optional: false]}], "hexpm", "2c6699a737ae46cb61e4ed012af931b57b699643b24dabe2400a8168414bc4f5"},
  "jason": {:hex, :jason, "1.4.0", "e855647bc964a44e2f67df589ccf49105ae039d4179db7f6271dfd3843dc27e6", [:mix], [{:decimal, "~> 1.0 or ~> 2.0", [hex: :decimal, repo: "hexpm", optional: true]}], "hexpm", "79a3791085b2a0f743ca04cec0f7be26443738779d09302e01318f97bdb82121"},
  "makeup": {:hex, :makeup, "1.1.0", "6b67c8bc2882a6b6a445859952a602afc1a41c2e08379ca057c0f525366fc3ca", [:mix], [{:nimble_parsec, "~> 1.2.2 or ~> 1.3", [hex: :nimble_parsec, repo: "hexpm", optional: false]}], "hexpm", "0a45ed501f4a8897f580eabf99a2e5234ea3e75a4373c8a52824f6e873be57a6"},
  "makeup_elixir": {:hex, :makeup_elixir, "0.16.1", "cc9e3ca312f1cfeccc572b37a09980287e243648108384b97ff2b76e505c3555", [:mix], [{:makeup, "~> 1.0", [hex: :makeup, repo: "hexpm", optional: false]}, {:nimble_parsec, "~> 1.2.3 or ~> 1.3", [hex: :nimble_parsec, repo: "hexpm", optional: false]}], "hexpm", "e127a341ad1b209bd80f7bd1620a15693a9908ed780c3b763bccf7d200c767c6"},
  "makeup_erlang": {:hex, :makeup_erlang, "0.1.1", "3fcb7f09eb9d98dc4d208f49cc955a34218fc41ff6b84df7c75b3e6e533cc65f", [:mix], [{:makeup, "~> 1.0", [hex: :makeup, repo: "hexpm", optional: false]}], "hexpm", "174d0809e98a4ef0b3309256cbf97101c6ec01c4ab0b23e926a9e17df2077cbb"},
  "nimble_parsec": {:hex, :nimble_parsec, "1.3.0", "9e18a119d9efc3370a3ef2a937bf0b24c088d9c4bf0ba9d7c3751d49d347d035", [:mix], [], "hexpm", "7977f183127a7cbe9346981e2f480dc04c55ffddaef746bd58debd566070eef8"},
  "stream_data": {:hex, :stream_data, "0.5.0", "b27641e58941685c75b353577dc602c9d2c12292dd84babf506c2033cd97893e", [:mix], [], "hexpm", "012bd2eec069ada4db3411f9115ccafa38540a3c78c4c0349f151fc761b9e271"},
}
